// !$*UTF8*$!
{
	archiveVersion = 1;
	classes = {
	};
	objectVersion = 52;
	objects = {

/* Begin PBXBuildFile section */
		D00C0385253909EA007FE1DE /* MovieFlexAppApp.swift in Sources */ = {isa = PBXBuildFile; fileRef = D00C0384253909EA007FE1DE /* MovieFlexAppApp.swift */; };
		D00C0387253909EA007FE1DE /* ContentView.swift in Sources */ = {isa = PBXBuildFile; fileRef = D00C0386253909EA007FE1DE /* ContentView.swift */; };
		D00C0389253909EB007FE1DE /* Assets.xcassets in Resources */ = {isa = PBXBuildFile; fileRef = D00C0388253909EB007FE1DE /* Assets.xcassets */; };
		D00C038C253909EB007FE1DE /* Preview Assets.xcassets in Resources */ = {isa = PBXBuildFile; fileRef = D00C038B253909EB007FE1DE /* Preview Assets.xcassets */; };
		D00C039625390ACD007FE1DE /* Kingfisher in Frameworks */ = {isa = PBXBuildFile; productRef = D00C039525390ACD007FE1DE /* Kingfisher */; };
		D00C039825390ACD007FE1DE /* KingfisherSwiftUI in Frameworks */ = {isa = PBXBuildFile; productRef = D00C039725390ACD007FE1DE /* KingfisherSwiftUI */; };
		D00C039C25390AFF007FE1DE /* Alamofire in Frameworks */ = {isa = PBXBuildFile; productRef = D00C039B25390AFF007FE1DE /* Alamofire */; };
		D03D2F6C254F886500EE90DF /* MovieViewModel.swift in Sources */ = {isa = PBXBuildFile; fileRef = D03D2F6B254F886500EE90DF /* MovieViewModel.swift */; };
		D046E9CB254B6DF900AA05DA /* GridCardView.swift in Sources */ = {isa = PBXBuildFile; fileRef = D046E9CA254B6DF900AA05DA /* GridCardView.swift */; };
		D05C6C23254F954300651F9A /* CastCardView.swift in Sources */ = {isa = PBXBuildFile; fileRef = D05C6C22254F954300651F9A /* CastCardView.swift */; };
		D05C6C26254F957B00651F9A /* SimilarMovieView.swift in Sources */ = {isa = PBXBuildFile; fileRef = D05C6C25254F957B00651F9A /* SimilarMovieView.swift */; };
		D05C6C2A254F95AF00651F9A /* SimilarMovieCardView.swift in Sources */ = {isa = PBXBuildFile; fileRef = D05C6C29254F95AF00651F9A /* SimilarMovieCardView.swift */; };
		D05C6C2E254F95F300651F9A /* MovieDeatilCastView.swift in Sources */ = {isa = PBXBuildFile; fileRef = D05C6C2D254F95F300651F9A /* MovieDeatilCastView.swift */; };
		D05C6C31254F965400651F9A /* DetailHeaderView.swift in Sources */ = {isa = PBXBuildFile; fileRef = D05C6C30254F965400651F9A /* DetailHeaderView.swift */; };
		D065A2A0255755DF00F5C9B8 /* ActorHeaderView.swift in Sources */ = {isa = PBXBuildFile; fileRef = D065A29F255755DF00F5C9B8 /* ActorHeaderView.swift */; };
		D065A2A32557561600F5C9B8 /* CastPioView.swift in Sources */ = {isa = PBXBuildFile; fileRef = D065A2A22557561600F5C9B8 /* CastPioView.swift */; };
		D065A2A62557563200F5C9B8 /* ActorWorkView.swift in Sources */ = {isa = PBXBuildFile; fileRef = D065A2A52557563200F5C9B8 /* ActorWorkView.swift */; };
		D065A2A92557565800F5C9B8 /* PickerView.swift in Sources */ = {isa = PBXBuildFile; fileRef = D065A2A82557565800F5C9B8 /* PickerView.swift */; };
		D06BBBEC256C694600CB7140 /* ProgressCircleView.swift in Sources */ = {isa = PBXBuildFile; fileRef = D06BBBEB256C694600CB7140 /* ProgressCircleView.swift */; };
		D06BBBEF256C6AD500CB7140 /* Color+Extentsions.swift in Sources */ = {isa = PBXBuildFile; fileRef = D06BBBEE256C6AD500CB7140 /* Color+Extentsions.swift */; };
		D06EFF7625A3C88C00AA454D /* ShowMoreCellView.swift in Sources */ = {isa = PBXBuildFile; fileRef = D06EFF7525A3C88C00AA454D /* ShowMoreCellView.swift */; };
		D06EFF7925A3C8E400AA454D /* DirectioinsEnviroment.swift in Sources */ = {isa = PBXBuildFile; fileRef = D06EFF7825A3C8E400AA454D /* DirectioinsEnviroment.swift */; };
		D06EFF7C25A3C95100AA454D /* String+Extension.swift in Sources */ = {isa = PBXBuildFile; fileRef = D06EFF7B25A3C95100AA454D /* String+Extension.swift */; };
		D06EFF7F25A3C98700AA454D /* MapKit+Extention.swift in Sources */ = {isa = PBXBuildFile; fileRef = D06EFF7E25A3C98700AA454D /* MapKit+Extention.swift */; };
		D06EFF8225A3CB0700AA454D /* DirectionDetailView.swift in Sources */ = {isa = PBXBuildFile; fileRef = D06EFF8125A3CB0700AA454D /* DirectionDetailView.swift */; };
		D06EFF8525A3CB6500AA454D /* SourceSearchView.swift in Sources */ = {isa = PBXBuildFile; fileRef = D06EFF8425A3CB6500AA454D /* SourceSearchView.swift */; };
		D06EFF8825A3CC4600AA454D /* DestinationSearchView.swift in Sources */ = {isa = PBXBuildFile; fileRef = D06EFF8725A3CC4600AA454D /* DestinationSearchView.swift */; };
		D0738EA5254F69EE006EED6A /* MovieDetailView.swift in Sources */ = {isa = PBXBuildFile; fileRef = D0738EA4254F69EE006EED6A /* MovieDetailView.swift */; };
		D08AA4CE2547770300BEE514 /* GridView.swift in Sources */ = {isa = PBXBuildFile; fileRef = D08AA4CD2547770300BEE514 /* GridView.swift */; };
		D08AA4D22547871600BEE514 /* TabButtonView.swift in Sources */ = {isa = PBXBuildFile; fileRef = D08AA4D12547871600BEE514 /* TabButtonView.swift */; };
		D09710AD254627C7008D3A1F /* SlideMenuView.swift in Sources */ = {isa = PBXBuildFile; fileRef = D09710AC254627C7008D3A1F /* SlideMenuView.swift */; };
		D09C4C0B25A0CED1000AD8D4 /* SelectDestinationLocationView.swift in Sources */ = {isa = PBXBuildFile; fileRef = D09C4C0A25A0CED1000AD8D4 /* SelectDestinationLocationView.swift */; };
		D09C4C1325A0D4AD000AD8D4 /* GoogleService-Info.plist in Resources */ = {isa = PBXBuildFile; fileRef = D09C4C1225A0D4AD000AD8D4 /* GoogleService-Info.plist */; };
		D09C4C1725A0D748000AD8D4 /* SelectSourceLocationView.swift in Sources */ = {isa = PBXBuildFile; fileRef = D09C4C1625A0D748000AD8D4 /* SelectSourceLocationView.swift */; };
		D09F228D2547D46300EA88E8 /* SearchBarView.swift in Sources */ = {isa = PBXBuildFile; fileRef = D09F228C2547D46300EA88E8 /* SearchBarView.swift */; };
		D09F358C25A755D0009D8C35 /* SignInView.swift in Sources */ = {isa = PBXBuildFile; fileRef = D09F358B25A755D0009D8C35 /* SignInView.swift */; };
		D09F358F25A75728009D8C35 /* UserServices.swift in Sources */ = {isa = PBXBuildFile; fileRef = D09F358E25A75728009D8C35 /* UserServices.swift */; };
		D09F359325A7B1D9009D8C35 /* AuthPublisher.swift in Sources */ = {isa = PBXBuildFile; fileRef = D09F359225A7B1D9009D8C35 /* AuthPublisher.swift */; };
		D09F359625A7D02F009D8C35 /* FireBaseErrors.swift in Sources */ = {isa = PBXBuildFile; fileRef = D09F359525A7D02E009D8C35 /* FireBaseErrors.swift */; };
		D09F359925A7DF14009D8C35 /* SignUpView.swift in Sources */ = {isa = PBXBuildFile; fileRef = D09F359825A7DF14009D8C35 /* SignUpView.swift */; };
		D09F35A325A7E811009D8C35 /* UserViewModel.swift in Sources */ = {isa = PBXBuildFile; fileRef = D09F35A225A7E811009D8C35 /* UserViewModel.swift */; };
		D0B04710256C4C440082604C /* Constants.swift in Sources */ = {isa = PBXBuildFile; fileRef = D0B0470F256C4C440082604C /* Constants.swift */; };
		D0B04714256C64940082604C /* AllTVShowsViewModel.swift in Sources */ = {isa = PBXBuildFile; fileRef = D0B04713256C64940082604C /* AllTVShowsViewModel.swift */; };
		D0CBC2E92598CA1C00F098E8 /* MapSearchView.swift in Sources */ = {isa = PBXBuildFile; fileRef = D0CBC2E82598CA1C00F098E8 /* MapSearchView.swift */; };
		D0CBC2EC2599073800F098E8 /* MapSearchViewModel.swift in Sources */ = {isa = PBXBuildFile; fileRef = D0CBC2EB2599073800F098E8 /* MapSearchViewModel.swift */; };
		D0CBC2EF2599078700F098E8 /* MapViewContainer.swift in Sources */ = {isa = PBXBuildFile; fileRef = D0CBC2EE2599078700F098E8 /* MapViewContainer.swift */; };
		D0D74F1E2540DF40008296AA /* TvResults.swift in Sources */ = {isa = PBXBuildFile; fileRef = D0D74F1D2540DF40008296AA /* TvResults.swift */; };
		D0D74F252540E766008296AA /* MovieNetworking.swift in Sources */ = {isa = PBXBuildFile; fileRef = D0D74F242540E766008296AA /* MovieNetworking.swift */; };
		D0D74F282540EA19008296AA /* MovieApi.swift in Sources */ = {isa = PBXBuildFile; fileRef = D0D74F272540EA19008296AA /* MovieApi.swift */; };
		D0D74F2B2540F285008296AA /* CastModel.swift in Sources */ = {isa = PBXBuildFile; fileRef = D0D74F2A2540F285008296AA /* CastModel.swift */; };
		D0D74F2F2540FBFF008296AA /* CastNetworking.swift in Sources */ = {isa = PBXBuildFile; fileRef = D0D74F2E2540FBFF008296AA /* CastNetworking.swift */; };
		D0D74F332540FC0F008296AA /* CastApi.swift in Sources */ = {isa = PBXBuildFile; fileRef = D0D74F322540FC0F008296AA /* CastApi.swift */; };
		D0D74F3825410276008296AA /* CastMovies.swift in Sources */ = {isa = PBXBuildFile; fileRef = D0D74F3725410276008296AA /* CastMovies.swift */; };
		D0D74F3B25410728008296AA /* SearchModel.swift in Sources */ = {isa = PBXBuildFile; fileRef = D0D74F3A25410728008296AA /* SearchModel.swift */; };
		D0D74F3E254108C4008296AA /* SearchNetworking.swift in Sources */ = {isa = PBXBuildFile; fileRef = D0D74F3D254108C4008296AA /* SearchNetworking.swift */; };
		D0D74F4125410986008296AA /* SearchApi.swift in Sources */ = {isa = PBXBuildFile; fileRef = D0D74F4025410986008296AA /* SearchApi.swift */; };
		D0D9D23F2547CA23001B476B /* ShowMoreMoviesView.swift in Sources */ = {isa = PBXBuildFile; fileRef = D0D9D23E2547CA23001B476B /* ShowMoreMoviesView.swift */; };
		D0D9D2422547D233001B476B /* Foundation+Extension.swift in Sources */ = {isa = PBXBuildFile; fileRef = D0D9D2412547D233001B476B /* Foundation+Extension.swift */; };
		D0E546012545069B00F070C6 /* PopularView.swift in Sources */ = {isa = PBXBuildFile; fileRef = D0E546002545069B00F070C6 /* PopularView.swift */; };
		D0E897092544ADA200B0DDD3 /* AllTVNetworking.swift in Sources */ = {isa = PBXBuildFile; fileRef = D0E897082544ADA200B0DDD3 /* AllTVNetworking.swift */; };
		D0E8970E2544AEE900B0DDD3 /* AllTVShowsApi.swift in Sources */ = {isa = PBXBuildFile; fileRef = D0E8970D2544AEE900B0DDD3 /* AllTVShowsApi.swift */; };
		D0E897132544B2F900B0DDD3 /* TVNetworking.swift in Sources */ = {isa = PBXBuildFile; fileRef = D0E897122544B2F900B0DDD3 /* TVNetworking.swift */; };
		D0E897182544B59700B0DDD3 /* TVShowsApi.swift in Sources */ = {isa = PBXBuildFile; fileRef = D0E897172544B59700B0DDD3 /* TVShowsApi.swift */; };
		D0E8971B2544C93C00B0DDD3 /* AllMoviesViewModel.swift in Sources */ = {isa = PBXBuildFile; fileRef = D0E8971A2544C93C00B0DDD3 /* AllMoviesViewModel.swift */; };
		D0E897212544E32800B0DDD3 /* PopularCard.swift in Sources */ = {isa = PBXBuildFile; fileRef = D0E897202544E32800B0DDD3 /* PopularCard.swift */; };
		D0F95D232557136B00AF6E27 /* CastViewModel.swift in Sources */ = {isa = PBXBuildFile; fileRef = D0F95D222557136B00AF6E27 /* CastViewModel.swift */; };
		D0F95D2625571C3E00AF6E27 /* CastDetailView.swift in Sources */ = {isa = PBXBuildFile; fileRef = D0F95D2525571C3E00AF6E27 /* CastDetailView.swift */; };
		D0FF71F9253CFFAC00EFE17A /* TargetType.swift in Sources */ = {isa = PBXBuildFile; fileRef = D0FF71F8253CFFAC00EFE17A /* TargetType.swift */; };
		D0FF71FD253D02AC00EFE17A /* BaseApi.swift in Sources */ = {isa = PBXBuildFile; fileRef = D0FF71FC253D02AC00EFE17A /* BaseApi.swift */; };
		D0FF7200253D081200EFE17A /* AllMovieNetworking.swift in Sources */ = {isa = PBXBuildFile; fileRef = D0FF71FF253D081200EFE17A /* AllMovieNetworking.swift */; };
		D0FF7206253D09A100EFE17A /* AllMovieApi.swift in Sources */ = {isa = PBXBuildFile; fileRef = D0FF7205253D09A100EFE17A /* AllMovieApi.swift */; };
		D0FF720A253D0A7100EFE17A /* MovieResult.swift in Sources */ = {isa = PBXBuildFile; fileRef = D0FF7209253D0A7100EFE17A /* MovieResult.swift */; };
		F3E7BBD6F758D5ED972E42C6 /* Pods_MovieFlexApp.framework in Frameworks */ = {isa = PBXBuildFile; fileRef = 075B823C2AD44D7494EE209E /* Pods_MovieFlexApp.framework */; };
/* End PBXBuildFile section */

/* Begin PBXFileReference section */
		075B823C2AD44D7494EE209E /* Pods_MovieFlexApp.framework */ = {isa = PBXFileReference; explicitFileType = wrapper.framework; includeInIndex = 0; path = Pods_MovieFlexApp.framework; sourceTree = BUILT_PRODUCTS_DIR; };
		9C3652939710B893FF8E345E /* Pods-MovieFlexApp.debug.xcconfig */ = {isa = PBXFileReference; includeInIndex = 1; lastKnownFileType = text.xcconfig; name = "Pods-MovieFlexApp.debug.xcconfig"; path = "Target Support Files/Pods-MovieFlexApp/Pods-MovieFlexApp.debug.xcconfig"; sourceTree = "<group>"; };
		D00C0381253909EA007FE1DE /* MovieFlexApp.app */ = {isa = PBXFileReference; explicitFileType = wrapper.application; includeInIndex = 0; path = MovieFlexApp.app; sourceTree = BUILT_PRODUCTS_DIR; };
		D00C0384253909EA007FE1DE /* MovieFlexAppApp.swift */ = {isa = PBXFileReference; lastKnownFileType = sourcecode.swift; path = MovieFlexAppApp.swift; sourceTree = "<group>"; };
		D00C0386253909EA007FE1DE /* ContentView.swift */ = {isa = PBXFileReference; lastKnownFileType = sourcecode.swift; path = ContentView.swift; sourceTree = "<group>"; };
		D00C0388253909EB007FE1DE /* Assets.xcassets */ = {isa = PBXFileReference; lastKnownFileType = folder.assetcatalog; path = Assets.xcassets; sourceTree = "<group>"; };
		D00C038B253909EB007FE1DE /* Preview Assets.xcassets */ = {isa = PBXFileReference; lastKnownFileType = folder.assetcatalog; path = "Preview Assets.xcassets"; sourceTree = "<group>"; };
		D00C038D253909EB007FE1DE /* Info.plist */ = {isa = PBXFileReference; lastKnownFileType = text.plist.xml; path = Info.plist; sourceTree = "<group>"; };
		D03D2F6B254F886500EE90DF /* MovieViewModel.swift */ = {isa = PBXFileReference; lastKnownFileType = sourcecode.swift; path = MovieViewModel.swift; sourceTree = "<group>"; };
		D046E9CA254B6DF900AA05DA /* GridCardView.swift */ = {isa = PBXFileReference; lastKnownFileType = sourcecode.swift; path = GridCardView.swift; sourceTree = "<group>"; };
		D05C6C22254F954300651F9A /* CastCardView.swift */ = {isa = PBXFileReference; lastKnownFileType = sourcecode.swift; path = CastCardView.swift; sourceTree = "<group>"; };
		D05C6C25254F957B00651F9A /* SimilarMovieView.swift */ = {isa = PBXFileReference; lastKnownFileType = sourcecode.swift; path = SimilarMovieView.swift; sourceTree = "<group>"; };
		D05C6C29254F95AF00651F9A /* SimilarMovieCardView.swift */ = {isa = PBXFileReference; lastKnownFileType = sourcecode.swift; path = SimilarMovieCardView.swift; sourceTree = "<group>"; };
		D05C6C2D254F95F300651F9A /* MovieDeatilCastView.swift */ = {isa = PBXFileReference; lastKnownFileType = sourcecode.swift; path = MovieDeatilCastView.swift; sourceTree = "<group>"; };
		D05C6C30254F965400651F9A /* DetailHeaderView.swift */ = {isa = PBXFileReference; lastKnownFileType = sourcecode.swift; path = DetailHeaderView.swift; sourceTree = "<group>"; };
		D065A29F255755DF00F5C9B8 /* ActorHeaderView.swift */ = {isa = PBXFileReference; lastKnownFileType = sourcecode.swift; path = ActorHeaderView.swift; sourceTree = "<group>"; };
		D065A2A22557561600F5C9B8 /* CastPioView.swift */ = {isa = PBXFileReference; lastKnownFileType = sourcecode.swift; path = CastPioView.swift; sourceTree = "<group>"; };
		D065A2A52557563200F5C9B8 /* ActorWorkView.swift */ = {isa = PBXFileReference; lastKnownFileType = sourcecode.swift; path = ActorWorkView.swift; sourceTree = "<group>"; };
		D065A2A82557565800F5C9B8 /* PickerView.swift */ = {isa = PBXFileReference; lastKnownFileType = sourcecode.swift; path = PickerView.swift; sourceTree = "<group>"; };
		D06BBBEB256C694600CB7140 /* ProgressCircleView.swift */ = {isa = PBXFileReference; lastKnownFileType = sourcecode.swift; path = ProgressCircleView.swift; sourceTree = "<group>"; };
		D06BBBEE256C6AD500CB7140 /* Color+Extentsions.swift */ = {isa = PBXFileReference; lastKnownFileType = sourcecode.swift; path = "Color+Extentsions.swift"; sourceTree = "<group>"; };
		D06EFF7525A3C88C00AA454D /* ShowMoreCellView.swift */ = {isa = PBXFileReference; lastKnownFileType = sourcecode.swift; path = ShowMoreCellView.swift; sourceTree = "<group>"; };
		D06EFF7825A3C8E400AA454D /* DirectioinsEnviroment.swift */ = {isa = PBXFileReference; lastKnownFileType = sourcecode.swift; path = DirectioinsEnviroment.swift; sourceTree = "<group>"; };
		D06EFF7B25A3C95100AA454D /* String+Extension.swift */ = {isa = PBXFileReference; lastKnownFileType = sourcecode.swift; path = "String+Extension.swift"; sourceTree = "<group>"; };
		D06EFF7E25A3C98700AA454D /* MapKit+Extention.swift */ = {isa = PBXFileReference; lastKnownFileType = sourcecode.swift; path = "MapKit+Extention.swift"; sourceTree = "<group>"; };
		D06EFF8125A3CB0700AA454D /* DirectionDetailView.swift */ = {isa = PBXFileReference; lastKnownFileType = sourcecode.swift; path = DirectionDetailView.swift; sourceTree = "<group>"; };
		D06EFF8425A3CB6500AA454D /* SourceSearchView.swift */ = {isa = PBXFileReference; lastKnownFileType = sourcecode.swift; path = SourceSearchView.swift; sourceTree = "<group>"; };
		D06EFF8725A3CC4600AA454D /* DestinationSearchView.swift */ = {isa = PBXFileReference; lastKnownFileType = sourcecode.swift; path = DestinationSearchView.swift; sourceTree = "<group>"; };
		D0738EA4254F69EE006EED6A /* MovieDetailView.swift */ = {isa = PBXFileReference; lastKnownFileType = sourcecode.swift; path = MovieDetailView.swift; sourceTree = "<group>"; };
		D08AA4CD2547770300BEE514 /* GridView.swift */ = {isa = PBXFileReference; lastKnownFileType = sourcecode.swift; path = GridView.swift; sourceTree = "<group>"; };
		D08AA4D12547871600BEE514 /* TabButtonView.swift */ = {isa = PBXFileReference; lastKnownFileType = sourcecode.swift; path = TabButtonView.swift; sourceTree = "<group>"; };
		D09710AC254627C7008D3A1F /* SlideMenuView.swift */ = {isa = PBXFileReference; lastKnownFileType = sourcecode.swift; path = SlideMenuView.swift; sourceTree = "<group>"; };
		D09C4C0A25A0CED1000AD8D4 /* SelectDestinationLocationView.swift */ = {isa = PBXFileReference; lastKnownFileType = sourcecode.swift; path = SelectDestinationLocationView.swift; sourceTree = "<group>"; };
		D09C4C1225A0D4AD000AD8D4 /* GoogleService-Info.plist */ = {isa = PBXFileReference; fileEncoding = 4; lastKnownFileType = text.plist.xml; path = "GoogleService-Info.plist"; sourceTree = "<group>"; };
		D09C4C1625A0D748000AD8D4 /* SelectSourceLocationView.swift */ = {isa = PBXFileReference; lastKnownFileType = sourcecode.swift; path = SelectSourceLocationView.swift; sourceTree = "<group>"; };
		D09F228C2547D46300EA88E8 /* SearchBarView.swift */ = {isa = PBXFileReference; lastKnownFileType = sourcecode.swift; path = SearchBarView.swift; sourceTree = "<group>"; };
		D09F358B25A755D0009D8C35 /* SignInView.swift */ = {isa = PBXFileReference; lastKnownFileType = sourcecode.swift; path = SignInView.swift; sourceTree = "<group>"; };
		D09F358E25A75728009D8C35 /* UserServices.swift */ = {isa = PBXFileReference; lastKnownFileType = sourcecode.swift; path = UserServices.swift; sourceTree = "<group>"; };
		D09F359225A7B1D9009D8C35 /* AuthPublisher.swift */ = {isa = PBXFileReference; lastKnownFileType = sourcecode.swift; path = AuthPublisher.swift; sourceTree = "<group>"; };
		D09F359525A7D02E009D8C35 /* FireBaseErrors.swift */ = {isa = PBXFileReference; lastKnownFileType = sourcecode.swift; path = FireBaseErrors.swift; sourceTree = "<group>"; };
		D09F359825A7DF14009D8C35 /* SignUpView.swift */ = {isa = PBXFileReference; lastKnownFileType = sourcecode.swift; path = SignUpView.swift; sourceTree = "<group>"; };
		D09F35A225A7E811009D8C35 /* UserViewModel.swift */ = {isa = PBXFileReference; lastKnownFileType = sourcecode.swift; path = UserViewModel.swift; sourceTree = "<group>"; };
		D0B0470F256C4C440082604C /* Constants.swift */ = {isa = PBXFileReference; lastKnownFileType = sourcecode.swift; path = Constants.swift; sourceTree = "<group>"; };
		D0B04713256C64940082604C /* AllTVShowsViewModel.swift */ = {isa = PBXFileReference; lastKnownFileType = sourcecode.swift; path = AllTVShowsViewModel.swift; sourceTree = "<group>"; };
		D0CBC2E82598CA1C00F098E8 /* MapSearchView.swift */ = {isa = PBXFileReference; lastKnownFileType = sourcecode.swift; path = MapSearchView.swift; sourceTree = "<group>"; };
		D0CBC2EB2599073800F098E8 /* MapSearchViewModel.swift */ = {isa = PBXFileReference; lastKnownFileType = sourcecode.swift; path = MapSearchViewModel.swift; sourceTree = "<group>"; };
		D0CBC2EE2599078700F098E8 /* MapViewContainer.swift */ = {isa = PBXFileReference; lastKnownFileType = sourcecode.swift; path = MapViewContainer.swift; sourceTree = "<group>"; };
		D0D74F1D2540DF40008296AA /* TvResults.swift */ = {isa = PBXFileReference; lastKnownFileType = sourcecode.swift; path = TvResults.swift; sourceTree = "<group>"; };
		D0D74F242540E766008296AA /* MovieNetworking.swift */ = {isa = PBXFileReference; lastKnownFileType = sourcecode.swift; path = MovieNetworking.swift; sourceTree = "<group>"; };
		D0D74F272540EA19008296AA /* MovieApi.swift */ = {isa = PBXFileReference; lastKnownFileType = sourcecode.swift; path = MovieApi.swift; sourceTree = "<group>"; };
		D0D74F2A2540F285008296AA /* CastModel.swift */ = {isa = PBXFileReference; lastKnownFileType = sourcecode.swift; path = CastModel.swift; sourceTree = "<group>"; };
		D0D74F2E2540FBFF008296AA /* CastNetworking.swift */ = {isa = PBXFileReference; lastKnownFileType = sourcecode.swift; path = CastNetworking.swift; sourceTree = "<group>"; };
		D0D74F322540FC0F008296AA /* CastApi.swift */ = {isa = PBXFileReference; lastKnownFileType = sourcecode.swift; path = CastApi.swift; sourceTree = "<group>"; };
		D0D74F3725410276008296AA /* CastMovies.swift */ = {isa = PBXFileReference; lastKnownFileType = sourcecode.swift; path = CastMovies.swift; sourceTree = "<group>"; };
		D0D74F3A25410728008296AA /* SearchModel.swift */ = {isa = PBXFileReference; lastKnownFileType = sourcecode.swift; path = SearchModel.swift; sourceTree = "<group>"; };
		D0D74F3D254108C4008296AA /* SearchNetworking.swift */ = {isa = PBXFileReference; lastKnownFileType = sourcecode.swift; path = SearchNetworking.swift; sourceTree = "<group>"; };
		D0D74F4025410986008296AA /* SearchApi.swift */ = {isa = PBXFileReference; lastKnownFileType = sourcecode.swift; path = SearchApi.swift; sourceTree = "<group>"; };
		D0D9D23E2547CA23001B476B /* ShowMoreMoviesView.swift */ = {isa = PBXFileReference; lastKnownFileType = sourcecode.swift; path = ShowMoreMoviesView.swift; sourceTree = "<group>"; };
		D0D9D2412547D233001B476B /* Foundation+Extension.swift */ = {isa = PBXFileReference; lastKnownFileType = sourcecode.swift; path = "Foundation+Extension.swift"; sourceTree = "<group>"; };
		D0E546002545069B00F070C6 /* PopularView.swift */ = {isa = PBXFileReference; lastKnownFileType = sourcecode.swift; path = PopularView.swift; sourceTree = "<group>"; };
		D0E897082544ADA200B0DDD3 /* AllTVNetworking.swift */ = {isa = PBXFileReference; lastKnownFileType = sourcecode.swift; path = AllTVNetworking.swift; sourceTree = "<group>"; };
		D0E8970D2544AEE900B0DDD3 /* AllTVShowsApi.swift */ = {isa = PBXFileReference; lastKnownFileType = sourcecode.swift; path = AllTVShowsApi.swift; sourceTree = "<group>"; };
		D0E897122544B2F900B0DDD3 /* TVNetworking.swift */ = {isa = PBXFileReference; lastKnownFileType = sourcecode.swift; path = TVNetworking.swift; sourceTree = "<group>"; };
		D0E897172544B59700B0DDD3 /* TVShowsApi.swift */ = {isa = PBXFileReference; lastKnownFileType = sourcecode.swift; path = TVShowsApi.swift; sourceTree = "<group>"; };
		D0E8971A2544C93C00B0DDD3 /* AllMoviesViewModel.swift */ = {isa = PBXFileReference; lastKnownFileType = sourcecode.swift; path = AllMoviesViewModel.swift; sourceTree = "<group>"; };
		D0E897202544E32800B0DDD3 /* PopularCard.swift */ = {isa = PBXFileReference; lastKnownFileType = sourcecode.swift; path = PopularCard.swift; sourceTree = "<group>"; };
		D0F95D222557136B00AF6E27 /* CastViewModel.swift */ = {isa = PBXFileReference; lastKnownFileType = sourcecode.swift; path = CastViewModel.swift; sourceTree = "<group>"; };
		D0F95D2525571C3E00AF6E27 /* CastDetailView.swift */ = {isa = PBXFileReference; lastKnownFileType = sourcecode.swift; path = CastDetailView.swift; sourceTree = "<group>"; };
		D0FF71F8253CFFAC00EFE17A /* TargetType.swift */ = {isa = PBXFileReference; lastKnownFileType = sourcecode.swift; path = TargetType.swift; sourceTree = "<group>"; };
		D0FF71FC253D02AC00EFE17A /* BaseApi.swift */ = {isa = PBXFileReference; lastKnownFileType = sourcecode.swift; path = BaseApi.swift; sourceTree = "<group>"; };
		D0FF71FF253D081200EFE17A /* AllMovieNetworking.swift */ = {isa = PBXFileReference; lastKnownFileType = sourcecode.swift; path = AllMovieNetworking.swift; sourceTree = "<group>"; };
		D0FF7205253D09A100EFE17A /* AllMovieApi.swift */ = {isa = PBXFileReference; lastKnownFileType = sourcecode.swift; path = AllMovieApi.swift; sourceTree = "<group>"; };
		D0FF7209253D0A7100EFE17A /* MovieResult.swift */ = {isa = PBXFileReference; lastKnownFileType = sourcecode.swift; path = MovieResult.swift; sourceTree = "<group>"; };
		DE85EC82B75457189BEA895D /* Pods-MovieFlexApp.release.xcconfig */ = {isa = PBXFileReference; includeInIndex = 1; lastKnownFileType = text.xcconfig; name = "Pods-MovieFlexApp.release.xcconfig"; path = "Target Support Files/Pods-MovieFlexApp/Pods-MovieFlexApp.release.xcconfig"; sourceTree = "<group>"; };
/* End PBXFileReference section */

/* Begin PBXFrameworksBuildPhase section */
		D00C037E253909EA007FE1DE /* Frameworks */ = {
			isa = PBXFrameworksBuildPhase;
			buildActionMask = 2147483647;
			files = (
				D00C039C25390AFF007FE1DE /* Alamofire in Frameworks */,
				D00C039825390ACD007FE1DE /* KingfisherSwiftUI in Frameworks */,
				D00C039625390ACD007FE1DE /* Kingfisher in Frameworks */,
				F3E7BBD6F758D5ED972E42C6 /* Pods_MovieFlexApp.framework in Frameworks */,
			);
			runOnlyForDeploymentPostprocessing = 0;
		};
/* End PBXFrameworksBuildPhase section */

/* Begin PBXGroup section */
		C21F285C533D57F1E633CDF5 /* Frameworks */ = {
			isa = PBXGroup;
			children = (
				075B823C2AD44D7494EE209E /* Pods_MovieFlexApp.framework */,
			);
			name = Frameworks;
			sourceTree = "<group>";
		};
		D00C0378253909EA007FE1DE = {
			isa = PBXGroup;
			children = (
				D00C0383253909EA007FE1DE /* MovieFlexApp */,
				D00C0382253909EA007FE1DE /* Products */,
				F58BB95586DF4B8A6A496365 /* Pods */,
				C21F285C533D57F1E633CDF5 /* Frameworks */,
			);
			sourceTree = "<group>";
		};
		D00C0382253909EA007FE1DE /* Products */ = {
			isa = PBXGroup;
			children = (
				D00C0381253909EA007FE1DE /* MovieFlexApp.app */,
			);
			name = Products;
			sourceTree = "<group>";
		};
		D00C0383253909EA007FE1DE /* MovieFlexApp */ = {
			isa = PBXGroup;
			children = (
				D0FF71F6253CFF7900EFE17A /* Networking */,
				D0DDA7A6254B7072004010E7 /* UIkitViews */,
				D0D74F352540FE31008296AA /* Extentsions */,
				D0FF7208253D09BC00EFE17A /* Model */,
				D09C4C1B25A0D8F9000AD8D4 /* Movies */,
				D0CBC2E72598CA0000F098E8 /* Maps */,
				D09F358A25A754F0009D8C35 /* Auth */,
				D00C0388253909EB007FE1DE /* Assets.xcassets */,
				D00C0384253909EA007FE1DE /* MovieFlexAppApp.swift */,
				D00C038D253909EB007FE1DE /* Info.plist */,
				D09C4C1225A0D4AD000AD8D4 /* GoogleService-Info.plist */,
				D00C038A253909EB007FE1DE /* Preview Content */,
				D0B0470F256C4C440082604C /* Constants.swift */,
			);
			path = MovieFlexApp;
			sourceTree = "<group>";
		};
		D00C038A253909EB007FE1DE /* Preview Content */ = {
			isa = PBXGroup;
			children = (
				D00C038B253909EB007FE1DE /* Preview Assets.xcassets */,
			);
			path = "Preview Content";
			sourceTree = "<group>";
		};
		D046E9CE254B6E3F00AA05DA /* NavigationViews */ = {
			isa = PBXGroup;
			children = (
				D09710AC254627C7008D3A1F /* SlideMenuView.swift */,
			);
			path = NavigationViews;
			sourceTree = "<group>";
		};
		D05C6C28254F959800651F9A /* CastViews */ = {
			isa = PBXGroup;
			children = (
				D05C6C2D254F95F300651F9A /* MovieDeatilCastView.swift */,
				D0F95D2525571C3E00AF6E27 /* CastDetailView.swift */,
				D065A2A52557563200F5C9B8 /* ActorWorkView.swift */,
				D065A2A22557561600F5C9B8 /* CastPioView.swift */,
				D065A29F255755DF00F5C9B8 /* ActorHeaderView.swift */,
				D065A2A82557565800F5C9B8 /* PickerView.swift */,
			);
			path = CastViews;
			sourceTree = "<group>";
		};
		D0785FD8254B6D6000769804 /* Cards */ = {
			isa = PBXGroup;
			children = (
				D0E897202544E32800B0DDD3 /* PopularCard.swift */,
				D046E9CA254B6DF900AA05DA /* GridCardView.swift */,
				D05C6C22254F954300651F9A /* CastCardView.swift */,
				D05C6C29254F95AF00651F9A /* SimilarMovieCardView.swift */,
			);
			path = Cards;
			sourceTree = "<group>";
		};
		D09C4C1925A0D8B9000AD8D4 /* Views */ = {
			isa = PBXGroup;
			children = (
				D0CBC2E82598CA1C00F098E8 /* MapSearchView.swift */,
				D0CBC2EE2599078700F098E8 /* MapViewContainer.swift */,
				D09C4C0A25A0CED1000AD8D4 /* SelectDestinationLocationView.swift */,
				D09C4C1625A0D748000AD8D4 /* SelectSourceLocationView.swift */,
				D06EFF8125A3CB0700AA454D /* DirectionDetailView.swift */,
				D06EFF8425A3CB6500AA454D /* SourceSearchView.swift */,
				D06EFF8725A3CC4600AA454D /* DestinationSearchView.swift */,
			);
			path = Views;
			sourceTree = "<group>";
		};
		D09C4C1A25A0D8C2000AD8D4 /* ViewModels */ = {
			isa = PBXGroup;
			children = (
				D0CBC2EB2599073800F098E8 /* MapSearchViewModel.swift */,
			);
			path = ViewModels;
			sourceTree = "<group>";
		};
		D09C4C1B25A0D8F9000AD8D4 /* Movies */ = {
			isa = PBXGroup;
			children = (
				D0E8971E2544E2EE00B0DDD3 /* ViewModels */,
				D0E8971F2544E30100B0DDD3 /* Views */,
			);
			path = Movies;
			sourceTree = "<group>";
		};
		D09F358A25A754F0009D8C35 /* Auth */ = {
			isa = PBXGroup;
			children = (
				D09F359C25A7E791009D8C35 /* Views */,
				D09F359E25A7E798009D8C35 /* Services */,
				D09F35A125A7E7C6009D8C35 /* Publishers */,
				D09F359525A7D02E009D8C35 /* FireBaseErrors.swift */,
			);
			path = Auth;
			sourceTree = "<group>";
		};
		D09F359C25A7E791009D8C35 /* Views */ = {
			isa = PBXGroup;
			children = (
				D09F359825A7DF14009D8C35 /* SignUpView.swift */,
				D09F358B25A755D0009D8C35 /* SignInView.swift */,
			);
			path = Views;
			sourceTree = "<group>";
		};
		D09F359E25A7E798009D8C35 /* Services */ = {
			isa = PBXGroup;
			children = (
				D09F358E25A75728009D8C35 /* UserServices.swift */,
				D09F35A225A7E811009D8C35 /* UserViewModel.swift */,
			);
			path = Services;
			sourceTree = "<group>";
		};
		D09F35A125A7E7C6009D8C35 /* Publishers */ = {
			isa = PBXGroup;
			children = (
				D09F359225A7B1D9009D8C35 /* AuthPublisher.swift */,
			);
			path = Publishers;
			sourceTree = "<group>";
		};
		D0B04717256C68130082604C /* MoviesViewModels */ = {
			isa = PBXGroup;
			children = (
				D0E8971A2544C93C00B0DDD3 /* AllMoviesViewModel.swift */,
				D03D2F6B254F886500EE90DF /* MovieViewModel.swift */,
			);
			path = MoviesViewModels;
			sourceTree = "<group>";
		};
		D0B04718256C68520082604C /* TVShowsViewModels */ = {
			isa = PBXGroup;
			children = (
				D0B04713256C64940082604C /* AllTVShowsViewModel.swift */,
			);
			path = TVShowsViewModels;
			sourceTree = "<group>";
		};
		D0CBC2E72598CA0000F098E8 /* Maps */ = {
			isa = PBXGroup;
			children = (
				D06EFF7825A3C8E400AA454D /* DirectioinsEnviroment.swift */,
				D09C4C1A25A0D8C2000AD8D4 /* ViewModels */,
				D09C4C1925A0D8B9000AD8D4 /* Views */,
			);
			path = Maps;
			sourceTree = "<group>";
		};
		D0D74F222540E72D008296AA /* AllMovies */ = {
			isa = PBXGroup;
			children = (
				D0FF71FF253D081200EFE17A /* AllMovieNetworking.swift */,
				D0FF7205253D09A100EFE17A /* AllMovieApi.swift */,
			);
			path = AllMovies;
			sourceTree = "<group>";
		};
		D0D74F232540E74B008296AA /* Movie */ = {
			isa = PBXGroup;
			children = (
				D0D74F242540E766008296AA /* MovieNetworking.swift */,
				D0D74F272540EA19008296AA /* MovieApi.swift */,
			);
			path = Movie;
			sourceTree = "<group>";
		};
		D0D74F2D2540FBE3008296AA /* Cast */ = {
			isa = PBXGroup;
			children = (
				D0D74F2E2540FBFF008296AA /* CastNetworking.swift */,
				D0D74F322540FC0F008296AA /* CastApi.swift */,
			);
			path = Cast;
			sourceTree = "<group>";
		};
		D0D74F352540FE31008296AA /* Extentsions */ = {
			isa = PBXGroup;
			children = (
				D0D9D2412547D233001B476B /* Foundation+Extension.swift */,
				D06BBBEE256C6AD500CB7140 /* Color+Extentsions.swift */,
				D06EFF7B25A3C95100AA454D /* String+Extension.swift */,
				D06EFF7E25A3C98700AA454D /* MapKit+Extention.swift */,
			);
			path = Extentsions;
			sourceTree = "<group>";
		};
		D0D74F4325410B80008296AA /* Search */ = {
			isa = PBXGroup;
			children = (
				D0D74F3D254108C4008296AA /* SearchNetworking.swift */,
				D0D74F4025410986008296AA /* SearchApi.swift */,
			);
			path = Search;
			sourceTree = "<group>";
		};
		D0DDA7A6254B7072004010E7 /* UIkitViews */ = {
			isa = PBXGroup;
			children = (
				D09F228C2547D46300EA88E8 /* SearchBarView.swift */,
			);
			path = UIkitViews;
			sourceTree = "<group>";
		};
		D0DDA7A8254B7296004010E7 /* MoviesViews */ = {
			isa = PBXGroup;
			children = (
				D08AA4CD2547770300BEE514 /* GridView.swift */,
				D0E546002545069B00F070C6 /* PopularView.swift */,
				D08AA4D12547871600BEE514 /* TabButtonView.swift */,
				D0D9D23E2547CA23001B476B /* ShowMoreMoviesView.swift */,
				D0738EA4254F69EE006EED6A /* MovieDetailView.swift */,
				D05C6C25254F957B00651F9A /* SimilarMovieView.swift */,
				D05C6C30254F965400651F9A /* DetailHeaderView.swift */,
				D06BBBEB256C694600CB7140 /* ProgressCircleView.swift */,
				D06EFF7525A3C88C00AA454D /* ShowMoreCellView.swift */,
			);
			path = MoviesViews;
			sourceTree = "<group>";
		};
		D0E8970B2544AED900B0DDD3 /* AllTVShows */ = {
			isa = PBXGroup;
			children = (
				D0E897082544ADA200B0DDD3 /* AllTVNetworking.swift */,
				D0E8970D2544AEE900B0DDD3 /* AllTVShowsApi.swift */,
			);
			path = AllTVShows;
			sourceTree = "<group>";
		};
		D0E897152544B58200B0DDD3 /* TVShows */ = {
			isa = PBXGroup;
			children = (
				D0E897122544B2F900B0DDD3 /* TVNetworking.swift */,
				D0E897172544B59700B0DDD3 /* TVShowsApi.swift */,
			);
			path = TVShows;
			sourceTree = "<group>";
		};
		D0E8971E2544E2EE00B0DDD3 /* ViewModels */ = {
			isa = PBXGroup;
			children = (
				D0B04718256C68520082604C /* TVShowsViewModels */,
				D0B04717256C68130082604C /* MoviesViewModels */,
				D0F95D222557136B00AF6E27 /* CastViewModel.swift */,
			);
			path = ViewModels;
			sourceTree = "<group>";
		};
		D0E8971F2544E30100B0DDD3 /* Views */ = {
			isa = PBXGroup;
			children = (
				D046E9CE254B6E3F00AA05DA /* NavigationViews */,
				D00C0386253909EA007FE1DE /* ContentView.swift */,
				D05C6C28254F959800651F9A /* CastViews */,
				D0785FD8254B6D6000769804 /* Cards */,
				D0DDA7A8254B7296004010E7 /* MoviesViews */,
			);
			path = Views;
			sourceTree = "<group>";
		};
		D0FF71F6253CFF7900EFE17A /* Networking */ = {
			isa = PBXGroup;
			children = (
				D0FF71F7253CFF8900EFE17A /* Base */,
				D0D74F2D2540FBE3008296AA /* Cast */,
				D0D74F232540E74B008296AA /* Movie */,
				D0D74F222540E72D008296AA /* AllMovies */,
				D0D74F4325410B80008296AA /* Search */,
				D0E8970B2544AED900B0DDD3 /* AllTVShows */,
				D0E897152544B58200B0DDD3 /* TVShows */,
			);
			path = Networking;
			sourceTree = "<group>";
		};
		D0FF71F7253CFF8900EFE17A /* Base */ = {
			isa = PBXGroup;
			children = (
				D0FF71F8253CFFAC00EFE17A /* TargetType.swift */,
				D0FF71FC253D02AC00EFE17A /* BaseApi.swift */,
			);
			path = Base;
			sourceTree = "<group>";
		};
		D0FF7208253D09BC00EFE17A /* Model */ = {
			isa = PBXGroup;
			children = (
				D0FF7209253D0A7100EFE17A /* MovieResult.swift */,
				D0D74F1D2540DF40008296AA /* TvResults.swift */,
				D0D74F2A2540F285008296AA /* CastModel.swift */,
				D0D74F3725410276008296AA /* CastMovies.swift */,
				D0D74F3A25410728008296AA /* SearchModel.swift */,
			);
			path = Model;
			sourceTree = "<group>";
		};
		F58BB95586DF4B8A6A496365 /* Pods */ = {
			isa = PBXGroup;
			children = (
				9C3652939710B893FF8E345E /* Pods-MovieFlexApp.debug.xcconfig */,
				DE85EC82B75457189BEA895D /* Pods-MovieFlexApp.release.xcconfig */,
			);
			path = Pods;
			sourceTree = "<group>";
		};
/* End PBXGroup section */

/* Begin PBXNativeTarget section */
		D00C0380253909EA007FE1DE /* MovieFlexApp */ = {
			isa = PBXNativeTarget;
			buildConfigurationList = D00C0390253909EB007FE1DE /* Build configuration list for PBXNativeTarget "MovieFlexApp" */;
			buildPhases = (
				0E54268C75BD1C458746C1C0 /* [CP] Check Pods Manifest.lock */,
				D00C037D253909EA007FE1DE /* Sources */,
				D00C037E253909EA007FE1DE /* Frameworks */,
				D00C037F253909EA007FE1DE /* Resources */,
				47F249FC81BC26BF2522B673 /* [CP] Embed Pods Frameworks */,
			);
			buildRules = (
			);
			dependencies = (
			);
			name = MovieFlexApp;
			packageProductDependencies = (
				D00C039525390ACD007FE1DE /* Kingfisher */,
				D00C039725390ACD007FE1DE /* KingfisherSwiftUI */,
				D00C039B25390AFF007FE1DE /* Alamofire */,
			);
			productName = MovieFlexApp;
			productReference = D00C0381253909EA007FE1DE /* MovieFlexApp.app */;
			productType = "com.apple.product-type.application";
		};
/* End PBXNativeTarget section */

/* Begin PBXProject section */
		D00C0379253909EA007FE1DE /* Project object */ = {
			isa = PBXProject;
			attributes = {
				LastSwiftUpdateCheck = 1200;
				LastUpgradeCheck = 1200;
				TargetAttributes = {
					D00C0380253909EA007FE1DE = {
						CreatedOnToolsVersion = 12.0.1;
					};
				};
			};
			buildConfigurationList = D00C037C253909EA007FE1DE /* Build configuration list for PBXProject "MovieFlexApp" */;
			compatibilityVersion = "Xcode 9.3";
			developmentRegion = en;
			hasScannedForEncodings = 0;
			knownRegions = (
				en,
				Base,
			);
			mainGroup = D00C0378253909EA007FE1DE;
			packageReferences = (
				D00C039425390ACD007FE1DE /* XCRemoteSwiftPackageReference "Kingfisher" */,
				D00C039A25390AFF007FE1DE /* XCRemoteSwiftPackageReference "Alamofire" */,
			);
			productRefGroup = D00C0382253909EA007FE1DE /* Products */;
			projectDirPath = "";
			projectRoot = "";
			targets = (
				D00C0380253909EA007FE1DE /* MovieFlexApp */,
			);
		};
/* End PBXProject section */

/* Begin PBXResourcesBuildPhase section */
		D00C037F253909EA007FE1DE /* Resources */ = {
			isa = PBXResourcesBuildPhase;
			buildActionMask = 2147483647;
			files = (
				D00C038C253909EB007FE1DE /* Preview Assets.xcassets in Resources */,
				D00C0389253909EB007FE1DE /* Assets.xcassets in Resources */,
				D09C4C1325A0D4AD000AD8D4 /* GoogleService-Info.plist in Resources */,
			);
			runOnlyForDeploymentPostprocessing = 0;
		};
/* End PBXResourcesBuildPhase section */

/* Begin PBXShellScriptBuildPhase section */
		0E54268C75BD1C458746C1C0 /* [CP] Check Pods Manifest.lock */ = {
			isa = PBXShellScriptBuildPhase;
			buildActionMask = 2147483647;
			files = (
			);
			inputFileListPaths = (
			);
			inputPaths = (
				"${PODS_PODFILE_DIR_PATH}/Podfile.lock",
				"${PODS_ROOT}/Manifest.lock",
			);
			name = "[CP] Check Pods Manifest.lock";
			outputFileListPaths = (
			);
			outputPaths = (
				"$(DERIVED_FILE_DIR)/Pods-MovieFlexApp-checkManifestLockResult.txt",
			);
			runOnlyForDeploymentPostprocessing = 0;
			shellPath = /bin/sh;
			shellScript = "diff \"${PODS_PODFILE_DIR_PATH}/Podfile.lock\" \"${PODS_ROOT}/Manifest.lock\" > /dev/null\nif [ $? != 0 ] ; then\n    # print error to STDERR\n    echo \"error: The sandbox is not in sync with the Podfile.lock. Run 'pod install' or update your CocoaPods installation.\" >&2\n    exit 1\nfi\n# This output is used by Xcode 'outputs' to avoid re-running this script phase.\necho \"SUCCESS\" > \"${SCRIPT_OUTPUT_FILE_0}\"\n";
			showEnvVarsInLog = 0;
		};
		47F249FC81BC26BF2522B673 /* [CP] Embed Pods Frameworks */ = {
			isa = PBXShellScriptBuildPhase;
			buildActionMask = 2147483647;
			files = (
			);
			inputFileListPaths = (
				"${PODS_ROOT}/Target Support Files/Pods-MovieFlexApp/Pods-MovieFlexApp-frameworks-${CONFIGURATION}-input-files.xcfilelist",
			);
			name = "[CP] Embed Pods Frameworks";
			outputFileListPaths = (
				"${PODS_ROOT}/Target Support Files/Pods-MovieFlexApp/Pods-MovieFlexApp-frameworks-${CONFIGURATION}-output-files.xcfilelist",
			);
			runOnlyForDeploymentPostprocessing = 0;
			shellPath = /bin/sh;
			shellScript = "\"${PODS_ROOT}/Target Support Files/Pods-MovieFlexApp/Pods-MovieFlexApp-frameworks.sh\"\n";
			showEnvVarsInLog = 0;
		};
/* End PBXShellScriptBuildPhase section */

/* Begin PBXSourcesBuildPhase section */
		D00C037D253909EA007FE1DE /* Sources */ = {
			isa = PBXSourcesBuildPhase;
			buildActionMask = 2147483647;
			files = (
				D05C6C2A254F95AF00651F9A /* SimilarMovieCardView.swift in Sources */,
				D09F35A325A7E811009D8C35 /* UserViewModel.swift in Sources */,
				D0F95D2625571C3E00AF6E27 /* CastDetailView.swift in Sources */,
				D0FF71F9253CFFAC00EFE17A /* TargetType.swift in Sources */,
				D0D74F332540FC0F008296AA /* CastApi.swift in Sources */,
				D08AA4D22547871600BEE514 /* TabButtonView.swift in Sources */,
				D0D74F1E2540DF40008296AA /* TvResults.swift in Sources */,
				D0D74F3B25410728008296AA /* SearchModel.swift in Sources */,
				D09F359325A7B1D9009D8C35 /* AuthPublisher.swift in Sources */,
				D05C6C26254F957B00651F9A /* SimilarMovieView.swift in Sources */,
				D09C4C0B25A0CED1000AD8D4 /* SelectDestinationLocationView.swift in Sources */,
				D0D74F2B2540F285008296AA /* CastModel.swift in Sources */,
				D065A2A62557563200F5C9B8 /* ActorWorkView.swift in Sources */,
				D0D9D2422547D233001B476B /* Foundation+Extension.swift in Sources */,
				D0FF71FD253D02AC00EFE17A /* BaseApi.swift in Sources */,
				D0E897092544ADA200B0DDD3 /* AllTVNetworking.swift in Sources */,
				D0D74F2F2540FBFF008296AA /* CastNetworking.swift in Sources */,
				D0D74F3E254108C4008296AA /* SearchNetworking.swift in Sources */,
				D00C0387253909EA007FE1DE /* ContentView.swift in Sources */,
				D06BBBEC256C694600CB7140 /* ProgressCircleView.swift in Sources */,
				D0FF720A253D0A7100EFE17A /* MovieResult.swift in Sources */,
				D06EFF8225A3CB0700AA454D /* DirectionDetailView.swift in Sources */,
				D05C6C2E254F95F300651F9A /* MovieDeatilCastView.swift in Sources */,
				D0E8970E2544AEE900B0DDD3 /* AllTVShowsApi.swift in Sources */,
				D0D74F4125410986008296AA /* SearchApi.swift in Sources */,
				D0D74F3825410276008296AA /* CastMovies.swift in Sources */,
				D0CBC2E92598CA1C00F098E8 /* MapSearchView.swift in Sources */,
				D0D74F282540EA19008296AA /* MovieApi.swift in Sources */,
				D0CBC2EF2599078700F098E8 /* MapViewContainer.swift in Sources */,
				D0FF7200253D081200EFE17A /* AllMovieNetworking.swift in Sources */,
				D06EFF8825A3CC4600AA454D /* DestinationSearchView.swift in Sources */,
				D046E9CB254B6DF900AA05DA /* GridCardView.swift in Sources */,
				D0CBC2EC2599073800F098E8 /* MapSearchViewModel.swift in Sources */,
				D09710AD254627C7008D3A1F /* SlideMenuView.swift in Sources */,
				D05C6C31254F965400651F9A /* DetailHeaderView.swift in Sources */,
				D0738EA5254F69EE006EED6A /* MovieDetailView.swift in Sources */,
				D09F228D2547D46300EA88E8 /* SearchBarView.swift in Sources */,
				D065A2A0255755DF00F5C9B8 /* ActorHeaderView.swift in Sources */,
				D0B04714256C64940082604C /* AllTVShowsViewModel.swift in Sources */,
				D00C0385253909EA007FE1DE /* MovieFlexAppApp.swift in Sources */,
				D06EFF7925A3C8E400AA454D /* DirectioinsEnviroment.swift in Sources */,
				D06BBBEF256C6AD500CB7140 /* Color+Extentsions.swift in Sources */,
				D0E897212544E32800B0DDD3 /* PopularCard.swift in Sources */,
				D0E897182544B59700B0DDD3 /* TVShowsApi.swift in Sources */,
				D09F358F25A75728009D8C35 /* UserServices.swift in Sources */,
				D06EFF7625A3C88C00AA454D /* ShowMoreCellView.swift in Sources */,
				D09F359625A7D02F009D8C35 /* FireBaseErrors.swift in Sources */,
				D03D2F6C254F886500EE90DF /* MovieViewModel.swift in Sources */,
				D0E8971B2544C93C00B0DDD3 /* AllMoviesViewModel.swift in Sources */,
				D08AA4CE2547770300BEE514 /* GridView.swift in Sources */,
				D06EFF8525A3CB6500AA454D /* SourceSearchView.swift in Sources */,
				D0B04710256C4C440082604C /* Constants.swift in Sources */,
				D0E897132544B2F900B0DDD3 /* TVNetworking.swift in Sources */,
				D05C6C23254F954300651F9A /* CastCardView.swift in Sources */,
				D0D9D23F2547CA23001B476B /* ShowMoreMoviesView.swift in Sources */,
				D065A2A92557565800F5C9B8 /* PickerView.swift in Sources */,
				D06EFF7F25A3C98700AA454D /* MapKit+Extention.swift in Sources */,
				D065A2A32557561600F5C9B8 /* CastPioView.swift in Sources */,
				D09F358C25A755D0009D8C35 /* SignInView.swift in Sources */,
				D0E546012545069B00F070C6 /* PopularView.swift in Sources */,
				D0F95D232557136B00AF6E27 /* CastViewModel.swift in Sources */,
				D09C4C1725A0D748000AD8D4 /* SelectSourceLocationView.swift in Sources */,
				D0D74F252540E766008296AA /* MovieNetworking.swift in Sources */,
				D06EFF7C25A3C95100AA454D /* String+Extension.swift in Sources */,
				D0FF7206253D09A100EFE17A /* AllMovieApi.swift in Sources */,
				D09F359925A7DF14009D8C35 /* SignUpView.swift in Sources */,
			);
			runOnlyForDeploymentPostprocessing = 0;
		};
/* End PBXSourcesBuildPhase section */

/* Begin XCBuildConfiguration section */
		D00C038E253909EB007FE1DE /* Debug */ = {
			isa = XCBuildConfiguration;
			buildSettings = {
				ALWAYS_SEARCH_USER_PATHS = NO;
				CLANG_ANALYZER_NONNULL = YES;
				CLANG_ANALYZER_NUMBER_OBJECT_CONVERSION = YES_AGGRESSIVE;
				CLANG_CXX_LANGUAGE_STANDARD = "gnu++14";
				CLANG_CXX_LIBRARY = "libc++";
				CLANG_ENABLE_MODULES = YES;
				CLANG_ENABLE_OBJC_ARC = YES;
				CLANG_ENABLE_OBJC_WEAK = YES;
				CLANG_WARN_BLOCK_CAPTURE_AUTORELEASING = YES;
				CLANG_WARN_BOOL_CONVERSION = YES;
				CLANG_WARN_COMMA = YES;
				CLANG_WARN_CONSTANT_CONVERSION = YES;
				CLANG_WARN_DEPRECATED_OBJC_IMPLEMENTATIONS = YES;
				CLANG_WARN_DIRECT_OBJC_ISA_USAGE = YES_ERROR;
				CLANG_WARN_DOCUMENTATION_COMMENTS = YES;
				CLANG_WARN_EMPTY_BODY = YES;
				CLANG_WARN_ENUM_CONVERSION = YES;
				CLANG_WARN_INFINITE_RECURSION = YES;
				CLANG_WARN_INT_CONVERSION = YES;
				CLANG_WARN_NON_LITERAL_NULL_CONVERSION = YES;
				CLANG_WARN_OBJC_IMPLICIT_RETAIN_SELF = YES;
				CLANG_WARN_OBJC_LITERAL_CONVERSION = YES;
				CLANG_WARN_OBJC_ROOT_CLASS = YES_ERROR;
				CLANG_WARN_QUOTED_INCLUDE_IN_FRAMEWORK_HEADER = YES;
				CLANG_WARN_RANGE_LOOP_ANALYSIS = YES;
				CLANG_WARN_STRICT_PROTOTYPES = YES;
				CLANG_WARN_SUSPICIOUS_MOVE = YES;
				CLANG_WARN_UNGUARDED_AVAILABILITY = YES_AGGRESSIVE;
				CLANG_WARN_UNREACHABLE_CODE = YES;
				CLANG_WARN__DUPLICATE_METHOD_MATCH = YES;
				COPY_PHASE_STRIP = NO;
				DEBUG_INFORMATION_FORMAT = dwarf;
				ENABLE_STRICT_OBJC_MSGSEND = YES;
				ENABLE_TESTABILITY = YES;
				GCC_C_LANGUAGE_STANDARD = gnu11;
				GCC_DYNAMIC_NO_PIC = NO;
				GCC_NO_COMMON_BLOCKS = YES;
				GCC_OPTIMIZATION_LEVEL = 0;
				GCC_PREPROCESSOR_DEFINITIONS = (
					"DEBUG=1",
					"$(inherited)",
				);
				GCC_WARN_64_TO_32_BIT_CONVERSION = YES;
				GCC_WARN_ABOUT_RETURN_TYPE = YES_ERROR;
				GCC_WARN_UNDECLARED_SELECTOR = YES;
				GCC_WARN_UNINITIALIZED_AUTOS = YES_AGGRESSIVE;
				GCC_WARN_UNUSED_FUNCTION = YES;
				GCC_WARN_UNUSED_VARIABLE = YES;
				IPHONEOS_DEPLOYMENT_TARGET = 14.0;
				MTL_ENABLE_DEBUG_INFO = INCLUDE_SOURCE;
				MTL_FAST_MATH = YES;
				ONLY_ACTIVE_ARCH = YES;
				SDKROOT = iphoneos;
				SWIFT_ACTIVE_COMPILATION_CONDITIONS = DEBUG;
				SWIFT_OPTIMIZATION_LEVEL = "-Onone";
			};
			name = Debug;
		};
		D00C038F253909EB007FE1DE /* Release */ = {
			isa = XCBuildConfiguration;
			buildSettings = {
				ALWAYS_SEARCH_USER_PATHS = NO;
				CLANG_ANALYZER_NONNULL = YES;
				CLANG_ANALYZER_NUMBER_OBJECT_CONVERSION = YES_AGGRESSIVE;
				CLANG_CXX_LANGUAGE_STANDARD = "gnu++14";
				CLANG_CXX_LIBRARY = "libc++";
				CLANG_ENABLE_MODULES = YES;
				CLANG_ENABLE_OBJC_ARC = YES;
				CLANG_ENABLE_OBJC_WEAK = YES;
				CLANG_WARN_BLOCK_CAPTURE_AUTORELEASING = YES;
				CLANG_WARN_BOOL_CONVERSION = YES;
				CLANG_WARN_COMMA = YES;
				CLANG_WARN_CONSTANT_CONVERSION = YES;
				CLANG_WARN_DEPRECATED_OBJC_IMPLEMENTATIONS = YES;
				CLANG_WARN_DIRECT_OBJC_ISA_USAGE = YES_ERROR;
				CLANG_WARN_DOCUMENTATION_COMMENTS = YES;
				CLANG_WARN_EMPTY_BODY = YES;
				CLANG_WARN_ENUM_CONVERSION = YES;
				CLANG_WARN_INFINITE_RECURSION = YES;
				CLANG_WARN_INT_CONVERSION = YES;
				CLANG_WARN_NON_LITERAL_NULL_CONVERSION = YES;
				CLANG_WARN_OBJC_IMPLICIT_RETAIN_SELF = YES;
				CLANG_WARN_OBJC_LITERAL_CONVERSION = YES;
				CLANG_WARN_OBJC_ROOT_CLASS = YES_ERROR;
				CLANG_WARN_QUOTED_INCLUDE_IN_FRAMEWORK_HEADER = YES;
				CLANG_WARN_RANGE_LOOP_ANALYSIS = YES;
				CLANG_WARN_STRICT_PROTOTYPES = YES;
				CLANG_WARN_SUSPICIOUS_MOVE = YES;
				CLANG_WARN_UNGUARDED_AVAILABILITY = YES_AGGRESSIVE;
				CLANG_WARN_UNREACHABLE_CODE = YES;
				CLANG_WARN__DUPLICATE_METHOD_MATCH = YES;
				COPY_PHASE_STRIP = NO;
				DEBUG_INFORMATION_FORMAT = "dwarf-with-dsym";
				ENABLE_NS_ASSERTIONS = NO;
				ENABLE_STRICT_OBJC_MSGSEND = YES;
				GCC_C_LANGUAGE_STANDARD = gnu11;
				GCC_NO_COMMON_BLOCKS = YES;
				GCC_WARN_64_TO_32_BIT_CONVERSION = YES;
				GCC_WARN_ABOUT_RETURN_TYPE = YES_ERROR;
				GCC_WARN_UNDECLARED_SELECTOR = YES;
				GCC_WARN_UNINITIALIZED_AUTOS = YES_AGGRESSIVE;
				GCC_WARN_UNUSED_FUNCTION = YES;
				GCC_WARN_UNUSED_VARIABLE = YES;
				IPHONEOS_DEPLOYMENT_TARGET = 14.0;
				MTL_ENABLE_DEBUG_INFO = NO;
				MTL_FAST_MATH = YES;
				SDKROOT = iphoneos;
				SWIFT_COMPILATION_MODE = wholemodule;
				SWIFT_OPTIMIZATION_LEVEL = "-O";
				VALIDATE_PRODUCT = YES;
			};
			name = Release;
		};
		D00C0391253909EB007FE1DE /* Debug */ = {
			isa = XCBuildConfiguration;
			baseConfigurationReference = 9C3652939710B893FF8E345E /* Pods-MovieFlexApp.debug.xcconfig */;
			buildSettings = {
				ASSETCATALOG_COMPILER_APPICON_NAME = AppIcon;
				ASSETCATALOG_COMPILER_GLOBAL_ACCENT_COLOR_NAME = AccentColor;
				CODE_SIGN_STYLE = Automatic;
				DEVELOPMENT_ASSET_PATHS = "\"MovieFlexApp/Preview Content\"";
				DEVELOPMENT_TEAM = 7Z6V95G685;
				ENABLE_PREVIEWS = YES;
				INFOPLIST_FILE = MovieFlexApp/Info.plist;
				IPHONEOS_DEPLOYMENT_TARGET = 14.0;
				LD_RUNPATH_SEARCH_PATHS = (
					"$(inherited)",
					"@executable_path/Frameworks",
				);
				PRODUCT_BUNDLE_IDENTIFIER = com.ahmedRagab.MovieFlexApp;
				PRODUCT_NAME = "$(TARGET_NAME)";
				SWIFT_VERSION = 5.0;
				TARGETED_DEVICE_FAMILY = 1;
			};
			name = Debug;
		};
		D00C0392253909EB007FE1DE /* Release */ = {
			isa = XCBuildConfiguration;
			baseConfigurationReference = DE85EC82B75457189BEA895D /* Pods-MovieFlexApp.release.xcconfig */;
			buildSettings = {
				ASSETCATALOG_COMPILER_APPICON_NAME = AppIcon;
				ASSETCATALOG_COMPILER_GLOBAL_ACCENT_COLOR_NAME = AccentColor;
				CODE_SIGN_STYLE = Automatic;
				DEVELOPMENT_ASSET_PATHS = "\"MovieFlexApp/Preview Content\"";
				DEVELOPMENT_TEAM = 7Z6V95G685;
				ENABLE_PREVIEWS = YES;
				INFOPLIST_FILE = MovieFlexApp/Info.plist;
				IPHONEOS_DEPLOYMENT_TARGET = 14.0;
				LD_RUNPATH_SEARCH_PATHS = (
					"$(inherited)",
					"@executable_path/Frameworks",
				);
				PRODUCT_BUNDLE_IDENTIFIER = com.ahmedRagab.MovieFlexApp;
				PRODUCT_NAME = "$(TARGET_NAME)";
				SWIFT_VERSION = 5.0;
				TARGETED_DEVICE_FAMILY = 1;
			};
			name = Release;
		};
/* End XCBuildConfiguration section */

/* Begin XCConfigurationList section */
		D00C037C253909EA007FE1DE /* Build configuration list for PBXProject "MovieFlexApp" */ = {
			isa = XCConfigurationList;
			buildConfigurations = (
				D00C038E253909EB007FE1DE /* Debug */,
				D00C038F253909EB007FE1DE /* Release */,
			);
			defaultConfigurationIsVisible = 0;
			defaultConfigurationName = Release;
		};
		D00C0390253909EB007FE1DE /* Build configuration list for PBXNativeTarget "MovieFlexApp" */ = {
			isa = XCConfigurationList;
			buildConfigurations = (
				D00C0391253909EB007FE1DE /* Debug */,
				D00C0392253909EB007FE1DE /* Release */,
			);
			defaultConfigurationIsVisible = 0;
			defaultConfigurationName = Release;
		};
/* End XCConfigurationList section */

/* Begin XCRemoteSwiftPackageReference section */
		D00C039425390ACD007FE1DE /* XCRemoteSwiftPackageReference "Kingfisher" */ = {
			isa = XCRemoteSwiftPackageReference;
			repositoryURL = "https://github.com/onevcat/Kingfisher.git";
			requirement = {
				kind = upToNextMajorVersion;
				minimumVersion = 5.15.6;
			};
		};
		D00C039A25390AFF007FE1DE /* XCRemoteSwiftPackageReference "Alamofire" */ = {
			isa = XCRemoteSwiftPackageReference;
			repositoryURL = "https://github.com/Alamofire/Alamofire.git";
			requirement = {
				kind = upToNextMajorVersion;
				minimumVersion = 5.2.2;
			};
		};
/* End XCRemoteSwiftPackageReference section */

/* Begin XCSwiftPackageProductDependency section */
		D00C039525390ACD007FE1DE /* Kingfisher */ = {
			isa = XCSwiftPackageProductDependency;
			package = D00C039425390ACD007FE1DE /* XCRemoteSwiftPackageReference "Kingfisher" */;
			productName = Kingfisher;
		};
		D00C039725390ACD007FE1DE /* KingfisherSwiftUI */ = {
			isa = XCSwiftPackageProductDependency;
			package = D00C039425390ACD007FE1DE /* XCRemoteSwiftPackageReference "Kingfisher" */;
			productName = KingfisherSwiftUI;
		};
		D00C039B25390AFF007FE1DE /* Alamofire */ = {
			isa = XCSwiftPackageProductDependency;
			package = D00C039A25390AFF007FE1DE /* XCRemoteSwiftPackageReference "Alamofire" */;
			productName = Alamofire;
		};
/* End XCSwiftPackageProductDependency section */
	};
	rootObject = D00C0379253909EA007FE1DE /* Project object */;
}
